github.com/etheriamagazine/hugo-modules/image-optimize v0.0.0-20241017082529-e533b07a56b7 h1:9u1dcZoPhp7B9pnjRlxsEcryfKC8JXZQITYPK1U5Y5o=
github.com/etheriamagazine/hugo-modules/image-optimize v0.0.0-20241017082529-e533b07a56b7/go.mod h1:lkdm2MlEyTg7X2JIl91Jrn2PYb8maQ0kx4fvvx9NrlY=
github.com/etheriamagazine/hugo-modules/jslibs/alpinejs v0.0.0-20241017082529-e533b07a56b7 h1:iCnCet0seV+0OkHHZUXLliN91q2kgNGkkVeST5gm3YE=
github.com/etheriamagazine/hugo-modules/jslibs/alpinejs v0.0.0-20241017082529-e533b07a56b7/go.mod h1:8kERE9YbF5n/CHX6h0WsVqXit3gy3kYjhmeGwHLwrEs=
github.com/etheriamagazine/hugo-modules/jslibs/minisearch v0.0.0-20241017082529-e533b07a56b7 h1:jnzZP2vFlYoJRVEKc23ocfFqwShEfxyUVKiSD9Ikl6s=
github.com/etheriamagazine/hugo-modules/jslibs/minisearch v0.0.0-20241017082529-e533b07a56b7/go.mod h1:9BPv0197y0UIfXPxElx4o7xyjzymlhu+EY9BsRltA8M=
github.com/etheriamagazine/hugo-modules/jslibs/preact-bundle v0.0.0-20241017082529-e533b07a56b7 h1:1LIEs49cZQkCCb8LmkTnekKHs/EctCl8VfSLIc8zeE4=
github.com/etheriamagazine/hugo-modules/jslibs/preact-bundle v0.0.0-20241017082529-e533b07a56b7/go.mod h1:5RW3I3rpse+ZWnC5RzBCR3ClUnYICZAckzk/OrllL/w=
github.com/etheriamagazine/hugo-modules/seo-tools/json-ld v0.0.0-20241017082529-e533b07a56b7 h1:ybKiKYkvrC1LKjTL6D8fLDGTTAoLr5hLo9FqZ/5OdPU=
github.com/etheriamagazine/hugo-modules/seo-tools/json-ld v0.0.0-20241017082529-e533b07a56b7/go.mod h1:IzFx1VZ8zisgJdNoSuRZQmg3qPKQQ7izRfUIP/CgCiA=
github.com/gethugothemes/hugo-modules/seo-tools/basic-seo v0.0.0-20240925042433-d2b5d05977e8 h1:cyhgsUNA0Kr172aab/Iy/K11KODP/lTzlOxuNY497vA=
github.com/gethugothemes/hugo-modules/seo-tools/basic-seo v0.0.0-20240925042433-d2b5d05977e8/go.mod h1:Q8dPgjamV7pxwKSQyWV21Xwh5CGi23/k+M8HPTphYbs=
