github.com/etheriamagazine/hugo-modules/jslibs/alpinejs v0.0.0-20241025152806-35307c29a20e h1:VbDbifcgMsSMl2WEos6sWFJSBqTPHF9N+91IsGrfE+s=
github.com/etheriamagazine/hugo-modules/jslibs/alpinejs v0.0.0-20241025152806-35307c29a20e/go.mod h1:8kERE9YbF5n/CHX6h0WsVqXit3gy3kYjhmeGwHLwrEs=
github.com/etheriamagazine/hugo-modules/jslibs/minisearch v0.0.0-20241025152806-35307c29a20e h1:/UgU5iitB5Kg03r9tjUuZl0S96jG65r95YMWn8GQCDM=
github.com/etheriamagazine/hugo-modules/jslibs/minisearch v0.0.0-20241025152806-35307c29a20e/go.mod h1:9BPv0197y0UIfXPxElx4o7xyjzymlhu+EY9BsRltA8M=
github.com/etheriamagazine/hugo-modules/jslibs/preact-bundle v0.0.0-20241025152806-35307c29a20e h1:YXvDOKxkv4dbQ9uzWhnRs40DC8Iw6Y1NAblvwGj1WIA=
github.com/etheriamagazine/hugo-modules/jslibs/preact-bundle v0.0.0-20241025152806-35307c29a20e/go.mod h1:5RW3I3rpse+ZWnC5RzBCR3ClUnYICZAckzk/OrllL/w=
